
Microsoft Visual Studio Solution File, Format Version 12.00
# Visual Studio Version 17
VisualStudioVersion = 17.6.33815.320
MinimumVisualStudioVersion = 10.0.40219.1
Project("{FAE04EC0-301F-11D3-BF4B-00C04F79EFBC}") = "NapilnikTask3", "NapilnikTask3.csproj", "{223C451F-10E7-4200-80C9-13695BD5740B}"
EndProject
Global
	GlobalSection(SolutionConfigurationPlatforms) = preSolution
		Debug|Any CPU = Debug|Any CPU
		Release|Any CPU = Release|Any CPU
	EndGlobalSection
	GlobalSection(ProjectConfigurationPlatforms) = postSolution
		{223C451F-10E7-4200-80C9-13695BD5740B}.Debug|Any CPU.ActiveCfg = Debug|Any CPU
		{223C451F-10E7-4200-80C9-13695BD5740B}.Debug|Any CPU.Build.0 = Debug|Any CPU
		{223C451F-10E7-4200-80C9-13695BD5740B}.Release|Any CPU.ActiveCfg = Release|Any CPU
		{223C451F-10E7-4200-80C9-13695BD5740B}.Release|Any CPU.Build.0 = Release|Any CPU
	EndGlobalSection
	GlobalSection(SolutionProperties) = preSolution
		HideSolutionNode = FALSE
	EndGlobalSection
	GlobalSection(ExtensibilityGlobals) = postSolution
		SolutionGuid = {0529F74D-A474-4B2A-BBC2-B14C0A30B331}
	EndGlobalSection
EndGlobal
